{
    "_readme": [
        "This file locks the dependencies of your project to a known state",
        "Read more about it at https://getcomposer.org/doc/01-basic-usage.md#composer-lock-the-lock-file",
        "This file is @generated automatically"
    ],
    "content-hash": "32b2dc2afacbae76bebc3be4148654d9",
    "packages": [
        {
            "name": "anax/configure",
            "version": "v1.0.4",
            "source": {
                "type": "git",
                "url": "https://github.com/canax/configure.git",
                "reference": "81b7ebf49c13cd5d96453737acea8b3352e1a1ef"
            },
            "dist": {
                "type": "zip",
                "url": "https://api.github.com/repos/canax/configure/zipball/81b7ebf49c13cd5d96453737acea8b3352e1a1ef",
                "reference": "81b7ebf49c13cd5d96453737acea8b3352e1a1ef",
                "shasum": ""
            },
            "require": {
                "php": ">=5.6"
            },
            "type": "library",
            "autoload": {
                "psr-4": {
                    "Anax\\": "src/"
                }
            },
            "notification-url": "https://packagist.org/downloads/",
            "license": [
                "MIT"
            ],
            "authors": [
                {
                    "name": "Mikael Roos",
                    "email": "mos@dbwebb.se",
                    "homepage": "https://dbwebb.se",
                    "role": "Developer"
                }
            ],
            "description": "Anax Configure module for reading config files.",
            "homepage": "https://dbwebb.se/anax",
            "keywords": [
                "boilerplate",
                "education",
                "framework",
                "micro",
                "mvc"
            ],
            "time": "2017-09-26T17:53:23+00:00"
        },
        {
            "name": "anax/di",
            "version": "v1.0.9",
            "source": {
                "type": "git",
                "url": "https://github.com/canax/di.git",
                "reference": "f60264fdb3676bb507e1caedb96cdbfe60b0c6a6"
            },
            "dist": {
                "type": "zip",
                "url": "https://api.github.com/repos/canax/di/zipball/f60264fdb3676bb507e1caedb96cdbfe60b0c6a6",
                "reference": "f60264fdb3676bb507e1caedb96cdbfe60b0c6a6",
                "shasum": ""
            },
            "require": {
                "anax/configure": "^1.0",
                "php": ">=5.6"
            },
            "type": "library",
            "autoload": {
                "psr-4": {
                    "Anax\\": "src/"
                }
            },
            "notification-url": "https://packagist.org/downloads/",
            "license": [
                "MIT"
            ],
            "authors": [
                {
                    "name": "Mikael Roos",
                    "email": "mos@dbwebb.se",
                    "homepage": "https://dbwebb.se",
                    "role": "Developer"
                }
            ],
            "description": "Anax dependency injection module.",
            "homepage": "https://dbwebb.se/anax",
            "keywords": [
                "boilerplate",
                "education",
                "framework",
                "micro",
                "mvc"
            ],
            "time": "2017-10-15T19:52:22+00:00"
        },
        {
            "name": "anax/request",
            "version": "v1.0.6",
            "source": {
                "type": "git",
                "url": "https://github.com/canax/request.git",
                "reference": "4881aba8b7c4c9d25174e97c6e71f63427985cd7"
            },
            "dist": {
                "type": "zip",
                "url": "https://api.github.com/repos/canax/request/zipball/4881aba8b7c4c9d25174e97c6e71f63427985cd7",
                "reference": "4881aba8b7c4c9d25174e97c6e71f63427985cd7",
                "shasum": ""
            },
            "require": {
                "php": ">=5.6"
            },
            "require-dev": {
                "php": ">=5.6"
            },
            "type": "library",
            "autoload": {
                "psr-4": {
                    "Anax\\": "src/"
                }
            },
            "notification-url": "https://packagist.org/downloads/",
            "license": [
                "MIT"
            ],
            "authors": [
                {
                    "name": "Mikael Roos",
                    "email": "mos@dbwebb.se",
                    "homepage": "https://dbwebb.se",
                    "role": "Developer"
                }
            ],
            "description": "Anax Request class.",
            "homepage": "https://dbwebb.se/anax",
            "keywords": [
                "boilerplate",
                "education",
                "framework",
                "micro",
                "mvc"
            ],
            "time": "2017-10-15T21:09:58+00:00"
        },
        {
            "name": "anax/response",
            "version": "v1.0.8",
            "source": {
                "type": "git",
                "url": "https://github.com/canax/response.git",
                "reference": "e4192e0489c9877cf107e109b253da5c1afa61ae"
            },
            "dist": {
                "type": "zip",
                "url": "https://api.github.com/repos/canax/response/zipball/e4192e0489c9877cf107e109b253da5c1afa61ae",
                "reference": "e4192e0489c9877cf107e109b253da5c1afa61ae",
                "shasum": ""
            },
            "require": {
                "anax/di": "^1.0",
                "php": ">=5.6"
            },
            "type": "library",
            "autoload": {
                "psr-4": {
                    "Anax\\": "src/"
                }
            },
            "notification-url": "https://packagist.org/downloads/",
            "license": [
                "MIT"
            ],
            "authors": [
                {
                    "name": "Mikael Roos",
                    "email": "mos@dbwebb.se",
                    "homepage": "https://dbwebb.se",
                    "role": "Developer"
                }
            ],
            "description": "Anax Response module.",
            "homepage": "https://dbwebb.se/anax",
            "keywords": [
                "boilerplate",
                "education",
                "framework",
                "micro",
                "mvc"
            ],
            "time": "2017-10-15T22:09:43+00:00"
        },
        {
            "name": "anax/session",
            "version": "v1.0.6",
            "source": {
                "type": "git",
                "url": "https://github.com/canax/session.git",
                "reference": "e589bc7a2cbaea7464503b65f764f9fd6408f8df"
            },
            "dist": {
                "type": "zip",
                "url": "https://api.github.com/repos/canax/session/zipball/e589bc7a2cbaea7464503b65f764f9fd6408f8df",
                "reference": "e589bc7a2cbaea7464503b65f764f9fd6408f8df",
                "shasum": ""
            },
            "require": {
                "php": ">=5.6"
            },
            "require-dev": {
                "anax/configure": "^1.0"
            },
            "suggest": {
                "anax/configure": "^1.0"
            },
            "type": "library",
            "autoload": {
                "psr-4": {
                    "Anax\\": "src/"
                }
            },
            "notification-url": "https://packagist.org/downloads/",
            "license": [
                "MIT"
            ],
            "authors": [
                {
                    "name": "Mikael Roos",
                    "email": "mos@dbwebb.se",
                    "homepage": "https://dbwebb.se",
                    "role": "Developer"
                }
            ],
            "description": "Anax Session module.",
            "homepage": "https://dbwebb.se/anax",
            "keywords": [
                "boilerplate",
                "education",
                "framework",
                "micro",
                "mvc"
            ],
            "time": "2017-10-15T20:42:17+00:00"
        },
        {
            "name": "anax/url",
            "version": "v1.0.8",
            "source": {
                "type": "git",
                "url": "https://github.com/canax/url.git",
                "reference": "ef97056bca3c6fe8a558507a51bd13f512867bbe"
            },
            "dist": {
                "type": "zip",
                "url": "https://api.github.com/repos/canax/url/zipball/ef97056bca3c6fe8a558507a51bd13f512867bbe",
                "reference": "ef97056bca3c6fe8a558507a51bd13f512867bbe",
                "shasum": ""
            },
            "require": {
                "anax/configure": "^1.0",
                "php": ">=5.6"
            },
            "type": "library",
            "autoload": {
                "psr-4": {
                    "Anax\\": "src/"
                }
            },
            "notification-url": "https://packagist.org/downloads/",
            "license": [
                "MIT"
            ],
            "authors": [
                {
                    "name": "Mikael Roos",
                    "email": "mos@dbwebb.se",
                    "homepage": "https://dbwebb.se",
                    "role": "Developer"
                }
            ],
            "description": "Anax Url class.",
            "homepage": "https://dbwebb.se/anax",
            "keywords": [
                "boilerplate",
                "education",
                "framework",
                "micro",
                "mvc"
            ],
            "time": "2017-10-12T13:05:22+00:00"
        }
    ],
    "packages-dev": [],
    "aliases": [],
    "minimum-stability": "stable",
    "stability-flags": [],
    "prefer-stable": false,
    "prefer-lowest": false,
    "platform": {
        "php": ">=5.6"
    },
    "platform-dev": []
}
